
Microsoft Visual Studio Solution File, Format Version 12.00
# Visual Studio 2013
VisualStudioVersion = 12.0.31101.0
MinimumVisualStudioVersion = 10.0.40219.1
Project("{FAE04EC0-301F-11D3-BF4B-00C04F79EFBC}") = "Button_Demo", "Button_Demo\Button_Demo.csproj", "{66EA3917-06EF-45F4-A42F-6819FEB2139E}"
EndProject
Global
	GlobalSection(SolutionConfigurationPlatforms) = preSolution
		Debug|Any CPU = Debug|Any CPU
		Release|Any CPU = Release|Any CPU
	EndGlobalSection
	GlobalSection(ProjectConfigurationPlatforms) = postSolution
		{66EA3917-06EF-45F4-A42F-6819FEB2139E}.Debug|Any CPU.ActiveCfg = Debug|Any CPU
		{66EA3917-06EF-45F4-A42F-6819FEB2139E}.Debug|Any CPU.Build.0 = Debug|Any CPU
		{66EA3917-06EF-45F4-A42F-6819FEB2139E}.Release|Any CPU.ActiveCfg = Release|Any CPU
		{66EA3917-06EF-45F4-A42F-6819FEB2139E}.Release|Any CPU.Build.0 = Release|Any CPU
	EndGlobalSection
	GlobalSection(SolutionProperties) = preSolution
		HideSolutionNode = FALSE
	EndGlobalSection
EndGlobal
